
Microsoft Visual Studio Solution File, Format Version 12.00
# Visual Studio Version 17
VisualStudioVersion = 17.9.34902.65
MinimumVisualStudioVersion = 10.0.40219.1
Project("{FAE04EC0-301F-11D3-BF4B-00C04F79EFBC}") = "DotNetTraining.WebApi", "DotNetTraining.WebApi\DotNetTraining.WebApi.csproj", "{8D4DF5A3-FA7F-4F07-AE13-1A6E3D66BB6C}"
EndProject
Project("{FAE04EC0-301F-11D3-BF4B-00C04F79EFBC}") = "DotNetTraining.WebApp", "DotNetTraining.WebApp\DotNetTraining.WebApp.csproj", "{62D1E4A8-C266-4B53-A6AD-7FA301985F34}"
EndProject
Project("{FAE04EC0-301F-11D3-BF4B-00C04F79EFBC}") = "DotNetTraining.Models", "DotNetTraining.Models\DotNetTraining.Models.csproj", "{F2786C2B-6F33-4DCE-8959-AF6CCABB6399}"
EndProject
Project("{2150E333-8FDC-42A3-9474-1A3956D46DE8}") = "Documents", "Documents", "{A68AA0D3-940A-43AF-A642-7F599904DDD9}"
EndProject
Global
	GlobalSection(SolutionConfigurationPlatforms) = preSolution
		Debug|Any CPU = Debug|Any CPU
		Release|Any CPU = Release|Any CPU
	EndGlobalSection
	GlobalSection(ProjectConfigurationPlatforms) = postSolution
		{8D4DF5A3-FA7F-4F07-AE13-1A6E3D66BB6C}.Debug|Any CPU.ActiveCfg = Debug|Any CPU
		{8D4DF5A3-FA7F-4F07-AE13-1A6E3D66BB6C}.Debug|Any CPU.Build.0 = Debug|Any CPU
		{8D4DF5A3-FA7F-4F07-AE13-1A6E3D66BB6C}.Release|Any CPU.ActiveCfg = Release|Any CPU
		{8D4DF5A3-FA7F-4F07-AE13-1A6E3D66BB6C}.Release|Any CPU.Build.0 = Release|Any CPU
		{62D1E4A8-C266-4B53-A6AD-7FA301985F34}.Debug|Any CPU.ActiveCfg = Debug|Any CPU
		{62D1E4A8-C266-4B53-A6AD-7FA301985F34}.Debug|Any CPU.Build.0 = Debug|Any CPU
		{62D1E4A8-C266-4B53-A6AD-7FA301985F34}.Release|Any CPU.ActiveCfg = Release|Any CPU
		{62D1E4A8-C266-4B53-A6AD-7FA301985F34}.Release|Any CPU.Build.0 = Release|Any CPU
		{F2786C2B-6F33-4DCE-8959-AF6CCABB6399}.Debug|Any CPU.ActiveCfg = Debug|Any CPU
		{F2786C2B-6F33-4DCE-8959-AF6CCABB6399}.Debug|Any CPU.Build.0 = Debug|Any CPU
		{F2786C2B-6F33-4DCE-8959-AF6CCABB6399}.Release|Any CPU.ActiveCfg = Release|Any CPU
		{F2786C2B-6F33-4DCE-8959-AF6CCABB6399}.Release|Any CPU.Build.0 = Release|Any CPU
	EndGlobalSection
	GlobalSection(SolutionProperties) = preSolution
		HideSolutionNode = FALSE
	EndGlobalSection
	GlobalSection(ExtensibilityGlobals) = postSolution
		SolutionGuid = {1A1630A2-98B4-42A4-A7CE-3FE210F213E1}
	EndGlobalSection
EndGlobal
